# This file is automatically @generated by Poetry 2.4.1 and should not be changed by hand.

[[package]]
name = "annotated-types"
version = "0.7.0"
description = "Reusable constraint types to use with typing.Annotated"
optional = false
python-versions = ">=3.8"
groups = ["main"]
files = [
    {file = "annotated_types-0.7.0-py3-none-any.whl", hash = "sha256:1f02e8b43a8fbbc3f3e0d4f0f4bfc8131bcb4eebe8849b8e5c773f3a1c582a53"},
    {file = "annotated_types-0.7.0.tar.gz", hash = "sha256:aff07c09a53a08bc8cfccb9c85b05f1aa9a2a6f23728d790723543408344ce89"},
]

[[package]]
name = "grpcio"
version = "1.81.1"
description = "HTTP/2-based RPC framework"
optional = false
python-versions = ">=3.10"
groups = ["main"]
files = [
    {file = "grpcio-1.81.1-cp310-cp310-linux_armv7l.whl", hash = "sha256:6f9a0c9c1cc15c112d1c053064fd032b64917062292c3d70aea280e02ae10b77"},
    {file = "grpcio-1.81.1-cp310-cp310-macosx_11_0_universal2.whl", hash = "sha256:69ef28e54fc85397f91b8c19592b8ef3d81952080366914823bd8572a2958120"},
    {file = "grpcio-1.81.1-cp310-cp310-manylinux2014_aarch64.manylinux_2_17_aarch64.whl", hash = "sha256:15641444eca4a29358107b3dceb74c1c6305c55c822fd199b458aaea4068a7fb"},
    {file = "grpcio-1.81.1-cp310-cp310-manylinux2014_i686.manylinux_2_17_i686.whl", hash = "sha256:d4b2dddfc219f54f956ccd53cf76a1d338ffe68fc7f2849ec9c7feb9927ff692"},
    {file = "grpcio-1.81.1-cp310-cp310-manylinux2014_x86_64.manylinux_2_17_x86_64.whl", hash = "sha256:ca1cc11d82677b9662082e5478b7528e2b7db7beaa6bdff42bd62789d81be399"},
    {file = "grpcio-1.81.1-cp310-cp310-musllinux_1_2_aarch64.whl", hash = "sha256:aa2ba7d2ad6df4d80127cea65e5b8d5e2c3adbf153ff4804452836328aca7c54"},
    {file = "grpcio-1.81.1-cp310-cp310-musllinux_1_2_i686.whl", hash = "sha256:592b5fee597faa91cce2dd294dd7d9a1c83d76c4dbf877e33ec1adb866b2fbed"},
    {file = "grpcio-1.81.1-cp310-cp310-musllinux_1_2_x86_64.whl", hash = "sha256:62481553b1793a27e9b9c3cf9e5bd483ef045ca72462592074b46d42b0c4d9b9"},
    {file = "grpcio-1.81.1-cp310-cp310-win32.whl", hash = "sha256:bb693b1e3d9a2f3fd228e2110daf4b5aeedb36761ca1e4282f74725f6d89f611"},
    {file = "grpcio-1.81.1-cp310-cp310-win_amd64.whl", hash = "sha256:88268ca418cacea64cecb0d1d600d3c6b3a8038fcba02e1e205178c5b1f47661"},
    {file = "grpcio-1.81.1-cp311-cp311-linux_armv7l.whl", hash = "sha256:d71d30f2d92f67d944631c523713934fee37292469e182ebcd2c1dd8a64ce53f"},
    {file = "grpcio-1.81.1-cp311-cp311-macosx_11_0_universal2.whl", hash = "sha256:b137f4bf3ada9dc44d411478decc6ff09a79ed30b306cd2abaa98408c3588137"},
    {file = "grpcio-1.81.1-cp311-cp311-manylinux2014_aarch64.manylinux_2_17_aarch64.whl", hash = "sha256:a3acb384427816dd5d470f47e62137b87f74da694faa8a50147012cf40df276a"},
    {file = "grpcio-1.81.1-cp311-cp311-manylinux2014_i686.manylinux_2_17_i686.whl", hash = "sha256:f9a0ebbe45c29b5e5866593c12b78bd9035f0f0f0d4bc8361680cd580d99db49"},
    {file = "grpcio-1.81.1-cp311-cp311-manylinux2014_x86_64.manylinux_2_17_x86_64.whl", hash = "sha256:0a37165cc80b1a368384b383e63a4c38116a10467ae44c904d2d7468c4470ec2"},
    {file = "grpcio-1.81.1-cp311-cp311-musllinux_1_2_aarch64.whl", hash = "sha256:6282caffb41ec326d4cb67ca9cf53b739d1b2f975a2acb498c7418e9f7d9a416"},
    {file = "grpcio-1.81.1-cp311-cp311-musllinux_1_2_i686.whl", hash = "sha256:a35009284d0d3d5c2c9601c164a911b8b4331608d98a9a66d47d97bb2f522b70"},
    {file = "grpcio-1.81.1-cp311-cp311-musllinux_1_2_x86_64.whl", hash = "sha256:1b22c80559854b789a01fd89e8929b3798a156c0829b5282a8939f33ad4115ad"},
    {file = "grpcio-1.81.1-cp311-cp311-win32.whl", hash = "sha256:428bec0161b48d8cf583c068591bc0016d0d9cfff52462b72b3884861ea768c5"},
    {file = "grpcio-1.81.1-cp311-cp311-win_amd64.whl", hash = "sha256:30e825f6848d9f18bba350ed6c75c1b02a0b5184474a31db9a32b1fa66fd8c79"},
    {file = "grpcio-1.81.1-cp312-cp312-linux_armv7l.whl", hash = "sha256:8b39472beafc0bdcafc4c8c73ad082ebfdb449d566897a61e7acb4fa88089115"},
    {file = "grpcio-1.81.1-cp312-cp312-macosx_11_0_universal2.whl", hash = "sha256:12b7524c88d4026d3dcb7b0ebe16b6714f3b4af402ddd0f0639ab064a00c87c3"},
    {file = "grpcio-1.81.1-cp312-cp312-manylinux2014_aarch64.manylinux_2_17_aarch64.whl", hash = "sha256:1e123f9b37edb8375fd74130d1f69c944bbf0a7b06761ae7211154b8759e94d2"},
    {file = "grpcio-1.81.1-cp312-cp312-manylinux2014_i686.manylinux_2_17_i686.whl", hash = "sha256:2c2e2ae6867c2966b8daccc836d54a13218e0007e9a490aeb81dd05be64d22d7"},
    {file = "grpcio-1.81.1-cp312-cp312-manylinux2014_x86_64.manylinux_2_17_x86_64.whl", hash = "sha256:766bc7c9a9c340342f4c864ccbda8e78111e4751f13b895812b9c148fb79e9d0"},
    {file = "grpcio-1.81.1-cp312-cp312-musllinux_1_2_aarch64.whl", hash = "sha256:b259a04a737cb3496be0901328eb8b7552ed8df4865d8c8f1cf1bffcfc0776a3"},
    {file = "grpcio-1.81.1-cp312-cp312-musllinux_1_2_i686.whl", hash = "sha256:85b10a45b8993d195c4f3ff57025b8d1e11834909ee475c403bfa60cb4caefaf"},
    {file = "grpcio-1.81.1-cp312-cp312-musllinux_1_2_x86_64.whl", hash = "sha256:8ea1936c26b99999b27479853039a7f34713f56c49375ad52b38535ec93a796c"},
    {file = "grpcio-1.81.1-cp312-cp312-win32.whl", hash = "sha256:a185a04039df6cae8648bc8ab6d6fde7bf94f7188ecf7828e76ac52eef1e41d6"},
    {file = "grpcio-1.81.1-cp312-cp312-win_amd64.whl", hash = "sha256:3ad74f8bb1a18963914c5452d289422830b39459e8776ebbcd207be1fbfb1d94"},
    {file = "grpcio-1.81.1-cp313-cp313-linux_armv7l.whl", hash = "sha256:b10e1ff4756ed27d5a29d7fc79cfce7ef1ff56ad20025b89bac7cf79e09abbbe"},
    {file = "grpcio-1.81.1-cp313-cp313-macosx_11_0_universal2.whl", hash = "sha256:819edbdcb42ab8598b494bcf0222684bbb7a3c772bd1b1f0be7e029a6063c28e"},
    {file = "grpcio-1.81.1-cp313-cp313-manylinux2014_aarch64.manylinux_2_17_aarch64.whl", hash = "sha256:c5bf2dc311127d91230cc79b92188c082634a06cf66c5234db49a43b910183b0"},
    {file = "grpcio-1.81.1-cp313-cp313-manylinux2014_i686.manylinux_2_17_i686.whl", hash = "sha256:e8ca6a1fcdb2943c9cbc1804a1baf3acb6071d72a471591678ded84218006e14"},
    {file = "grpcio-1.81.1-cp313-cp313-manylinux2014_x86_64.manylinux_2_17_x86_64.whl", hash = "sha256:e64dd101d380a115cc5a0c7856788adb535f1a4e21fc543775602f8be95180ae"},
    {file = "grpcio-1.81.1-cp313-cp313-musllinux_1_2_aarch64.whl", hash = "sha256:98a07f9bf591e3a8919797bee1c53f026ba4acd587e5a4404c8e57c9ec36b2a5"},
    {file = "grpcio-1.81.1-cp313-cp313-musllinux_1_2_i686.whl", hash = "sha256:c261d74b1a945cf895a9d6eccd1685a8e837531beaab782da4d630a8d12deffb"},
    {file = "grpcio-1.81.1-cp313-cp313-musllinux_1_2_x86_64.whl", hash = "sha256:58ad1131c300d3c9b933802b3cc4dc69d380822935ba50b28703156ea826fbf7"},
    {file = "grpcio-1.81.1-cp313-cp313-win32.whl", hash = "sha256:78e29211f26da2fdd0e9c6d2b79f489476140cf7029b6a64808ade7ca4156a42"},
    {file = "grpcio-1.81.1-cp313-cp313-win_amd64.whl", hash = "sha256:edb59506291b647a30884b1d51a599d605f40b20af4a7dc3d33786a47a31de60"},
    {file = "grpcio-1.81.1-cp314-cp314-linux_armv7l.whl", hash = "sha256:506f48f2f9c29b143fca3dad7b0d518c188b6c9648c75a2ae6e2d9f2c13a060b"},
    {file = "grpcio-1.81.1-cp314-cp314-macosx_11_0_universal2.whl", hash = "sha256:d865db4a6318e1c1bea83292e0ed231090538fc4ca45425b0f0480eb338bbc6e"},
    {file = "grpcio-1.81.1-cp314-cp314-manylinux2014_aarch64.manylinux_2_17_aarch64.whl", hash = "sha256:e2aa72e3ce1770317ef534f63d397b55e130725f5149bd36077c3b539019db27"},
    {file = "grpcio-1.81.1-cp314-cp314-manylinux2014_i686.manylinux_2_17_i686.whl", hash = "sha256:0490c30c261eded63f3f354979f9dc4502a9fb944cccb60cd9dc85f5a7349854"},
    {file = "grpcio-1.81.1-cp314-cp314-manylinux2014_x86_64.manylinux_2_17_x86_64.whl", hash = "sha256:410482da976329fe5f4067270401b12cf2bd552ff8020f054ecfaddb5475f9d6"},
    {file = "grpcio-1.81.1-cp314-cp314-musllinux_1_2_aarch64.whl", hash = "sha256:e3657301562ac3cb8018d30d0d3ebfa39932239f7b5703422057ef14b69949f5"},
    {file = "grpcio-1.81.1-cp314-cp314-musllinux_1_2_i686.whl", hash = "sha256:24c8e57504c8f45b237e40b99262d181071e5099a07053695b75d97bb53053a0"},
    {file = "grpcio-1.81.1-cp314-cp314-musllinux_1_2_x86_64.whl", hash = "sha256:b427c19380991a4eaab2f6144b64b99b412043314c6bf4ab544f97bb31ee4190"},
    {file = "grpcio-1.81.1-cp314-cp314-win32.whl", hash = "sha256:61233fe8951e5c85dff81c2458b6528624760166946b5b47ea150a589168411f"},
    {file = "grpcio-1.81.1-cp314-cp314-win_amd64.whl", hash = "sha256:3768a5ff1b2125e6f552e561b6b2dca0e64982d8949689b4df145cf8b98d7821"},
    {file = "grpcio-1.81.1.tar.gz", hash = "sha256:6fa10a767143a5e82e8eaab53918af0cd8909a57a27f8cb2288b80a613ac671b"},
]

[package.dependencies]
typing-extensions = ">=4.12,<5.0"

[package.extras]
protobuf = ["grpcio-tools (>=1.81.1)"]

[[package]]
name = "grpcio-tools"
version = "1.81.1"
description = "Protobuf code generator for gRPC"
optional = false
python-versions = ">=3.10"
groups = ["main"]
files = [
    {file = "grpcio_tools-1.81.1-cp310-cp310-linux_armv7l.whl", hash = "sha256:9b6ba8a72cfda576508701a7c0bbeebe6f6f9843320d4f12e74efd19ddccd965"},
    {file = "grpcio_tools-1.81.1-cp310-cp310-macosx_11_0_universal2.whl", hash = "sha256:ac47a9ea1224df8b653072614e6f0207e9fbfe63fdabaa5918a60ca5fc931b88"},
    {file = "grpcio_tools-1.81.1-cp310-cp310-manylinux2014_aarch64.manylinux_2_17_aarch64.whl", hash = "sha256:eac4bb645ceff0c147cc720a40ae68f97427eaafb4968e866dd8fcc20d3d4831"},
    {file = "grpcio_tools-1.81.1-cp310-cp310-manylinux2014_i686.manylinux_2_17_i686.whl", hash = "sha256:cc410b621dd85193766c12dca2e238696199a27a65d2b31b6f0a4c6c0043ff26"},
    {file = "grpcio_tools-1.81.1-cp310-cp310-manylinux2014_x86_64.manylinux_2_17_x86_64.whl", hash = "sha256:b62d254c214faa3773eac709376ae25cf7abff1a76ba5fc4dbcd7b14fc4e4ae6"},
    {file = "grpcio_tools-1.81.1-cp310-cp310-musllinux_1_2_aarch64.whl", hash = "sha256:bd0b68dc76b10b3384b9b6e9f59202b83dcaafd8098eb644759a69316686acf8"},
    {file = "grpcio_tools-1.81.1-cp310-cp310-musllinux_1_2_i686.whl", hash = "sha256:a28d231455ab6e3558299f7d831a73c8be8ee6b7ec614ecf39eb50c0ed15767f"},
    {file = "grpcio_tools-1.81.1-cp310-cp310-musllinux_1_2_x86_64.whl", hash = "sha256:82740248eb6f3b6a38988cb5e64adb7303af9ea5cb4197c8ed08c1fabc767440"},
    {file = "grpcio_tools-1.81.1-cp310-cp310-win32.whl", hash = "sha256:801d9d8ab5cddf8f8e064225292f0713427011252a07828a6b54e2ed64d534de"},
    {file = "grpcio_tools-1.81.1-cp310-cp310-win_amd64.whl", hash = "sha256:3c8611d6e4e859ac5373422ef27c4b7540cf98c9991c9abc6722613ef72b13aa"},
    {file = "grpcio_tools-1.81.1-cp311-cp311-linux_armv7l.whl", hash = "sha256:8161f398f957a376cae7385ea7c8684f439d460ef702b528912da3bcb31fc515"},
    {file = "grpcio_tools-1.81.1-cp311-cp311-macosx_11_0_universal2.whl", hash = "sha256:53ef76cc3b0493ff734a5e8c39d5b519e1822236fcccdfe7677c5e1efd767761"},
    {file = "grpcio_tools-1.81.1-cp311-cp311-manylinux2014_aarch64.manylinux_2_17_aarch64.whl", hash = "sha256:690e6dcaa8b8a7886ce206ba344e2127211597e1a1ddab73df9f3d80c8f6707e"},
    {file = "grpcio_tools-1.81.1-cp311-cp311-manylinux2014_i686.manylinux_2_17_i686.whl", hash = "sha256:ad7a997c07bd345e84842e60561e7e2cc090ce6c4e1d2f0407e31b85b40fc49a"},
    {file = "grpcio_tools-1.81.1-cp311-cp311-manylinux2014_x86_64.manylinux_2_17_x86_64.whl", hash = "sha256:b6bd163ece4535726e5292b845ed80ae9b2cae73ba091c7d6c66033c430e3857"},
    {file = "grpcio_tools-1.81.1-cp311-cp311-musllinux_1_2_aarch64.whl", hash = "sha256:2baa7e735f35b2a648144c03348a126097b13e101d3c242d5edb6ac91437ccbe"},
    {file = "grpcio_tools-1.81.1-cp311-cp311-musllinux_1_2_i686.whl", hash = "sha256:1d602b410b2b2addc434cace9ce4fe2035974a3078228f98ffa049a5c90acc2f"},
    {file = "grpcio_tools-1.81.1-cp311-cp311-musllinux_1_2_x86_64.whl", hash = "sha256:f8cb64f87c45ccca8234fa47e6b21f09e43801ff11b556deecb461b3b3e9f292"},
    {file = "grpcio_tools-1.81.1-cp311-cp311-win32.whl", hash = "sha256:87b25ca0e27373a4a32a629a4ba976f5764b9887dd50d6fe017d38009a0363e8"},
    {file = "grpcio_tools-1.81.1-cp311-cp311-win_amd64.whl", hash = "sha256:204de03b539a4b08772c6553b92bcc112cbc965e0ac22f909f6d133b8ac33a8c"},
    {file = "grpcio_tools-1.81.1-cp312-cp312-linux_armv7l.whl", hash = "sha256:353b1fafcc739c31ed42271052709595b340d34f27c459beeb78a32938305bb5"},
    {file = "grpcio_tools-1.81.1-cp312-cp312-macosx_11_0_universal2.whl", hash = "sha256:768f584c2423cbeb6cb6867817a39365b987ff16b8259a3adbc6546b9e303a4e"},
    {file = "grpcio_tools-1.81.1-cp312-cp312-manylinux2014_aarch64.manylinux_2_17_aarch64.whl", hash = "sha256:1680b35a84f4694401819ac4acac42dda6dbc7bb8fc74112fd1a60425a07adf4"},
    {file = "grpcio_tools-1.81.1-cp312-cp312-manylinux2014_i686.manylinux_2_17_i686.whl", hash = "sha256:f64e665c8ec639278ecf009beb92cbdcc5994f617c1af3d58036e1f70b1423ec"},
    {file = "grpcio_tools-1.81.1-cp312-cp312-manylinux2014_x86_64.manylinux_2_17_x86_64.whl", hash = "sha256:ba8f1ae82ad199f43448995715445cc623fb20d3882382e4be61f0da8ccb3f0e"},
    {file = "grpcio_tools-1.81.1-cp312-cp312-musllinux_1_2_aarch64.whl", hash = "sha256:b7b6d1e986d5923751bfe2b5cca9c4cb3d5653446e4fa4aacd438033e2dc360a"},
    {file = "grpcio_tools-1.81.1-cp312-cp312-musllinux_1_2_i686.whl", hash = "sha256:7f208c207aca639dcb34648d3826c38d7cf3485118fb2065117e9fc4827406b3"},
    {file = "grpcio_tools-1.81.1-cp312-cp312-musllinux_1_2_x86_64.whl", hash = "sha256:724ecb69af63d2f6d4ccea3e6fa0ca110ed9c5824d48c2f887c631bbb03c1c3c"},
    {file = "grpcio_tools-1.81.1-cp312-cp312-win32.whl", hash = "sha256:895a6782cec86beac71ccebb4b9848259c6f04a3028b8e42fa8d40cfe5146593"},
    {file = "grpcio_tools-1.81.1-cp312-cp312-win_amd64.whl", hash = "sha256:0265fd1386b7458302f79542558345880d484f8fa92ae196c0c0268242c5f23a"},
    {file = "grpcio_tools-1.81.1-cp313-cp313-linux_armv7l.whl", hash = "sha256:3d604b4fd114b79ebb9f865bf3e04fd3ae93c704e1fad96f7fd03b0865c263b7"},
    {file = "grpcio_tools-1.81.1-cp313-cp313-macosx_11_0_universal2.whl", hash = "sha256:3389e705460efa3f3758141ba5520e6743b131c9576197c944fb9cbe49048126"},
    {file = "grpcio_tools-1.81.1-cp313-cp313-manylinux2014_aarch64.manylinux_2_17_aarch64.whl", hash = "sha256:8a17d8ceeb6a855fadf39f5171c80a382d97c4db98d5943eca553497fdebf84b"},
    {file = "grpcio_tools-1.81.1-cp313-cp313-manylinux2014_i686.manylinux_2_17_i686.whl", hash = "sha256:43baf71dc60fd653062da2e95e95c73b35dd130be8f9fa3d544c3af3f808a290"},
    {file = "grpcio_tools-1.81.1-cp313-cp313-manylinux2014_x86_64.manylinux_2_17_x86_64.whl", hash = "sha256:136e90906af0df51ad929713244ba812d0dbb1844b4f467d5d86bdb054698f90"},
    {file = "grpcio_tools-1.81.1-cp313-cp313-musllinux_1_2_aarch64.whl", hash = "sha256:bd6c3bf3ea6a61eb58c54368d72ada591f2a270f3a31a32e8536e773337e76d9"},
    {file = "grpcio_tools-1.81.1-cp313-cp313-musllinux_1_2_i686.whl", hash = "sha256:2c306c307f8f74cddc4056fdbb6f1da55de087a21120efbd02bd915daa5a52fd"},
    {file = "grpcio_tools-1.81.1-cp313-cp313-musllinux_1_2_x86_64.whl", hash = "sha256:bdbdc927be2e0ea13c32564a72ee31d712a716fb6f8c0d53d37a77d8277c272c"},
    {file = "grpcio_tools-1.81.1-cp313-cp313-win32.whl", hash = "sha256:9d383724bcd67244b6def9e9164c640ee9380c0b7534ee7545a6fb0022a59afe"},
    {file = "grpcio_tools-1.81.1-cp313-cp313-win_amd64.whl", hash = "sha256:f3eb15849979ca7bb864ce81a74d68b0f225a7f111ed3fe212bfc08cf9812b10"},
    {file = "grpcio_tools-1.81.1-cp314-cp314-linux_armv7l.whl", hash = "sha256:7d168ea26390717d0462c0d0408331dc98a60fc7f7e6118afac9b73f5a66d87c"},
    {file = "grpcio_tools-1.81.1-cp314-cp314-macosx_11_0_universal2.whl", hash = "sha256:43c528655b226375013036692d8db4cd59060c1f41dd62c77f4d17b69f6ce828"},
    {file = "grpcio_tools-1.81.1-cp314-cp314-manylinux2014_aarch64.manylinux_2_17_aarch64.whl", hash = "sha256:a9c6fcc68c9d5a208967bfe4fd3224d3c3be9a950c3e827e8f4b17e15c2dc555"},
    {file = "grpcio_tools-1.81.1-cp314-cp314-manylinux2014_i686.manylinux_2_17_i686.whl", hash = "sha256:a987c85dcbe1b32066d7acd46266d1a428aecbd629331bf5b853e74c835bf876"},
    {file = "grpcio_tools-1.81.1-cp314-cp314-manylinux2014_x86_64.manylinux_2_17_x86_64.whl", hash = "sha256:a882382507bb5ec6d7edc9648053dfd3bc8f9285cde56a6fa9b9a83b4bd07f1c"},
    {file = "grpcio_tools-1.81.1-cp314-cp314-musllinux_1_2_aarch64.whl", hash = "sha256:7746e508d4239a02f7e93638be5bc0ebb0120ddb796f7506aaae9d47a4599d97"},
    {file = "grpcio_tools-1.81.1-cp314-cp314-musllinux_1_2_i686.whl", hash = "sha256:fc3d2a41a7a4467fa03b391394fffada9291fe8feebc8679b526f6bc36942b25"},
    {file = "grpcio_tools-1.81.1-cp314-cp314-musllinux_1_2_x86_64.whl", hash = "sha256:21bb3ba90e6d8df1ff663d4ee39a4e5b25a64e8ed4902476ca9ded0954d3917a"},
    {file = "grpcio_tools-1.81.1-cp314-cp314-win32.whl", hash = "sha256:3dca56016d90a710c4d9861bae793dc089c1430a90c79ce672e948ddb65fa539"},
    {file = "grpcio_tools-1.81.1-cp314-cp314-win_amd64.whl", hash = "sha256:cb08172b7b629e75cb33866928d319a3196540a725eaab628ba721007140f1af"},
    {file = "grpcio_tools-1.81.1.tar.gz", hash = "sha256:a22a3870180927fdd84e2b27d079ef5b7f5f8c6110181b6736afc17a463481f1"},
]

[package.dependencies]
grpcio = ">=1.81.1"
protobuf = ">=6.33.5,<7.0.0"
setuptools = ">=77.0.1"

[[package]]
name = "protobuf"
version = "6.33.6"
description = ""
optional = false
python-versions = ">=3.9"
groups = ["main"]
files = [
    {file = "protobuf-6.33.6-cp310-abi3-win32.whl", hash = "sha256:7d29d9b65f8afef196f8334e80d6bc1d5d4adedb449971fefd3723824e6e77d3"},
    {file = "protobuf-6.33.6-cp310-abi3-win_amd64.whl", hash = "sha256:0cd27b587afca21b7cfa59a74dcbd48a50f0a6400cfb59391340ad729d91d326"},
    {file = "protobuf-6.33.6-cp39-abi3-macosx_10_9_universal2.whl", hash = "sha256:9720e6961b251bde64edfdab7d500725a2af5280f3f4c87e57c0208376aa8c3a"},
    {file = "protobuf-6.33.6-cp39-abi3-manylinux2014_aarch64.whl", hash = "sha256:e2afbae9b8e1825e3529f88d514754e094278bb95eadc0e199751cdd9a2e82a2"},
    {file = "protobuf-6.33.6-cp39-abi3-manylinux2014_s390x.whl", hash = "sha256:c96c37eec15086b79762ed265d59ab204dabc53056e3443e702d2681f4b39ce3"},
    {file = "protobuf-6.33.6-cp39-abi3-manylinux2014_x86_64.whl", hash = "sha256:e9db7e292e0ab79dd108d7f1a94fe31601ce1ee3f7b79e0692043423020b0593"},
    {file = "protobuf-6.33.6-cp39-cp39-win32.whl", hash = "sha256:bd56799fb262994b2c2faa1799693c95cc2e22c62f56fb43af311cae45d26f0e"},
    {file = "protobuf-6.33.6-cp39-cp39-win_amd64.whl", hash = "sha256:f443a394af5ed23672bc6c486be138628fbe5c651ccbc536873d7da23d1868cf"},
    {file = "protobuf-6.33.6-py3-none-any.whl", hash = "sha256:77179e006c476e69bf8e8ce866640091ec42e1beb80b213c3900006ecfba6901"},
    {file = "protobuf-6.33.6.tar.gz", hash = "sha256:a6768d25248312c297558af96a9f9c929e8c4cee0659cb07e780731095f38135"},
]

[[package]]
name = "pydantic"
version = "2.13.4"
description = "Data validation using Python type hints"
optional = false
python-versions = ">=3.9"
groups = ["main"]
files = [
    {file = "pydantic-2.13.4-py3-none-any.whl", hash = "sha256:45a282cde31d808236fd7ea9d919b128653c8b38b393d1c4ab335c62924d9aba"},
    {file = "pydantic-2.13.4.tar.gz", hash = "sha256:c40756b57adaa8b1efeeced5c196f3f3b7c435f90e84ea7f443901bec8099ef6"},
]

[package.dependencies]
annotated-types = ">=0.6.0"
pydantic-core = "2.46.4"
typing-extensions = ">=4.14.1"
typing-inspection = ">=0.4.2"

[package.extras]
email = ["email-validator (>=2.0.0)"]
timezone = ["tzdata ; python_version >= \"3.9\" and platform_system == \"Windows\""]

[[package]]
name = "pydantic-core"
version = "2.46.4"
description = "Core functionality for Pydantic validation and serialization"
optional = false
python-versions = ">=3.9"
groups = ["main"]
files = [
    {file = "pydantic_core-2.46.4-cp310-cp310-macosx_10_12_x86_64.whl", hash = "sha256:a396dcc17e5a0b164dbe026896245a4fa9ff402edca1dff0be3d53a517f74de4"},
    {file = "pydantic_core-2.46.4-cp310-cp310-macosx_11_0_arm64.whl", hash = "sha256:da4b951fe36dc7c3a1ccb4e3cd1747c3542b8c9ceede8fc86cae054e764485f5"},
    {file = "pydantic_core-2.46.4-cp310-cp310-manylinux_2_17_aarch64.manylinux2014_aarch64.whl", hash = "sha256:bb63e0198ca18aad131c089b9204c23079c3afa95487e561f4c522d519e55aba"},
    {file = "pydantic_core-2.46.4-cp310-cp310-manylinux_2_17_armv7l.manylinux2014_armv7l.whl", hash = "sha256:f47286a97f0bc9b8859519809077b91b2cefe4ae47fcbf5e466a009c1c5d742b"},
    {file = "pydantic_core-2.46.4-cp310-cp310-manylinux_2_17_ppc64le.manylinux2014_ppc64le.whl", hash = "sha256:905a0ed8ea6f2d61c1738835f99b699348d7857379083e5fc497fa0c967a407c"},
    {file = "pydantic_core-2.46.4-cp310-cp310-manylinux_2_17_s390x.manylinux2014_s390x.whl", hash = "sha256:ea793e075b70290d89d8142074262885d3f7da19634845135751bd6344f73b50"},
    {file = "pydantic_core-2.46.4-cp310-cp310-manylinux_2_17_x86_64.manylinux2014_x86_64.whl", hash = "sha256:395aebd9183f9d112f569aeb5b2214d1a10a33bec8456447f7fbdfa51d38d4cd"},
    {file = "pydantic_core-2.46.4-cp310-cp310-manylinux_2_31_riscv64.whl", hash = "sha256:b078afbc25f3a1436c7a1d2cd3e322497ee99615ba97c563566fdf46aff1ee01"},
    {file = "pydantic_core-2.46.4-cp310-cp310-manylinux_2_5_i686.manylinux1_i686.whl", hash = "sha256:f747929cf940cddb5b3668a390056ddd5ba2e5010615ea2dcf4f9c4f3ab8791d"},
    {file = "pydantic_core-2.46.4-cp310-cp310-musllinux_1_1_aarch64.whl", hash = "sha256:daa27d92c36f24388fe3ad306b174781c747627f134452e4f128ea00ce1fe8c4"},
    {file = "pydantic_core-2.46.4-cp310-cp310-musllinux_1_1_armv7l.whl", hash = "sha256:19e51f073cd3df251856a8a4189fbdf1de4012c3ebacfb1884f94f1eb406079f"},
    {file = "pydantic_core-2.46.4-cp310-cp310-musllinux_1_1_x86_64.whl", hash = "sha256:c1747f85cee84c26985853c6f3d9bd3e75da5212912443fa111c113b9c246f39"},
    {file = "pydantic_core-2.46.4-cp310-cp310-win32.whl", hash = "sha256:2f84c03c8607173d16b5a854ec68a2f9079ae03237a54fb506d13af47e1d018d"},
    {file = "pydantic_core-2.46.4-cp310-cp310-win_amd64.whl", hash = "sha256:8358a950c8909158e3df31538a7e4edc2d7265a7c54b47f0864d9e5bae9dcebf"},
    {file = "pydantic_core-2.46.4-cp311-cp311-macosx_10_12_x86_64.whl", hash = "sha256:0e96592440881c74a213e5ad528e2b24d3d4f940de2766bed9010ab1d9e51594"},
    {file = "pydantic_core-2.46.4-cp311-cp311-macosx_11_0_arm64.whl", hash = "sha256:e0d65b8c354be7fb5f720c3caa8bc940bc2d20ce749c8e06135f07f8ed95dd7c"},
    {file = "pydantic_core-2.46.4-cp311-cp311-manylinux_2_17_aarch64.manylinux2014_aarch64.whl", hash = "sha256:7bfb192b3f4b9e8a89b6277b6ce787564f62cfd272055f6e685726b111dc7826"},
    {file = "pydantic_core-2.46.4-cp311-cp311-manylinux_2_17_armv7l.manylinux2014_armv7l.whl", hash = "sha256:9037063db01f09b09e237c282b6792bd4da634b5402c4e7f0c61effed7701a04"},
    {file = "pydantic_core-2.46.4-cp311-cp311-manylinux_2_17_ppc64le.manylinux2014_ppc64le.whl", hash = "sha256:fc010ab034c8c7452522748bf937df58020d256ccae0874463d1f4d01758af8e"},
    {file = "pydantic_core-2.46.4-cp311-cp311-manylinux_2_17_s390x.manylinux2014_s390x.whl", hash = "sha256:8c5dac79fa1614d1e06ca695109c6105923bd9c7d1d6c918d4e637b7e6b32fd3"},
    {file = "pydantic_core-2.46.4-cp311-cp311-manylinux_2_17_x86_64.manylinux2014_x86_64.whl", hash = "sha256:f9fa868638bf362d3d138ea55829cefb3d5f4b0d7f142234382a15e2485dbec4"},
    {file = "pydantic_core-2.46.4-cp311-cp311-manylinux_2_31_riscv64.whl", hash = "sha256:17299feefe090f2caa5b8e37222bb5f663e4935a8bfa6931d4102e5df1a9f398"},
    {file = "pydantic_core-2.46.4-cp311-cp311-manylinux_2_5_i686.manylinux1_i686.whl", hash = "sha256:4c63ebc82684aa89d9a3bcbd13d515b3be44250dc68dd3bd81526c1cb31286c3"},
    {file = "pydantic_core-2.46.4-cp311-cp311-musllinux_1_1_aarch64.whl", hash = "sha256:aaa2a54443eff1950ba5ddc6b6ccda0d9c84a364276a62f969bdf2a390650848"},
    {file = "pydantic_core-2.46.4-cp311-cp311-musllinux_1_1_armv7l.whl", hash = "sha256:18e5ceec2ab67e6d5f1a9085e5a24c9c4e2ac4545730bfe668680bca05e555f3"},
    {file = "pydantic_core-2.46.4-cp311-cp311-musllinux_1_1_x86_64.whl", hash = "sha256:a0f62d0a58f4e7da165457e995725421e0064f2255d8eccebc49f41bbc23b109"},
    {file = "pydantic_core-2.46.4-cp311-cp311-win32.whl", hash = "sha256:041bde0a48fd37cf71cab1c9d56d3e8625a3793fef1f7dd232b3ff37e978ecda"},
    {file = "pydantic_core-2.46.4-cp311-cp311-win_amd64.whl", hash = "sha256:6f2eeda33a839975441c86a4119e1383c50b47faf0cbb5176985565c6bb02c33"},
    {file = "pydantic_core-2.46.4-cp311-cp311-win_arm64.whl", hash = "sha256:14f4c5d6db102bd796a627bbb3a17b4cf4574b9ae861d8b7c9a9661c6dd3362d"},
    {file = "pydantic_core-2.46.4-cp312-cp312-macosx_10_12_x86_64.whl", hash = "sha256:3245406455a5d98187ec35530fd772b1d799b26667980872c8d4614991e2c4a2"},
    {file = "pydantic_core-2.46.4-cp312-cp312-macosx_11_0_arm64.whl", hash = "sha256:962ccbab7b642487b1d8b7df90ef677e03134cf1fd8880bf698649b22a69371f"},
    {file = "pydantic_core-2.46.4-cp312-cp312-manylinux_2_17_aarch64.manylinux2014_aarch64.whl", hash = "sha256:8233f2947cf85404441fd7e0085f53b10c93e0ee78611099b5c7237e36aacbf7"},
    {file = "pydantic_core-2.46.4-cp312-cp312-manylinux_2_17_armv7l.manylinux2014_armv7l.whl", hash = "sha256:3a233125ac121aa3ffba9a2b59edfc4a985a76092dc8279586ab4b71390875e7"},
    {file = "pydantic_core-2.46.4-cp312-cp312-manylinux_2_17_ppc64le.manylinux2014_ppc64le.whl", hash = "sha256:5b712b53160b79a5850310b912a5ef8e57e56947c8ad690c227f5c9d7e561712"},
    {file = "pydantic_core-2.46.4-cp312-cp312-manylinux_2_17_s390x.manylinux2014_s390x.whl", hash = "sha256:9401557acd873c3a7f3eb9383edef8ac4968f9510e340f4808d427e75667e7b4"},
    {file = "pydantic_core-2.46.4-cp312-cp312-manylinux_2_17_x86_64.manylinux2014_x86_64.whl", hash = "sha256:926c9541b14b12b1681dca8a0b75feb510b06c6341b70a8e500c2fdcff837cce"},
    {file = "pydantic_core-2.46.4-cp312-cp312-manylinux_2_31_riscv64.whl", hash = "sha256:56cb4851bcaf3d117eddcef4fe66afd750a50274b0da8e22be256d10e5611987"},
    {file = "pydantic_core-2.46.4-cp312-cp312-manylinux_2_5_i686.manylinux1_i686.whl", hash = "sha256:c68fcd102d71ea85c5b2dfac3f4f8476eff42a9e078fd5faefff6d145063536b"},
    {file = "pydantic_core-2.46.4-cp312-cp312-musllinux_1_1_aarch64.whl", hash = "sha256:b2f69dec1725e79a012d920df1707de5caf7ed5e08f3be4435e25803efc47458"},
    {file = "pydantic_core-2.46.4-cp312-cp312-musllinux_1_1_armv7l.whl", hash = "sha256:8d0820e8192167f80d88d64038e609c31452eeca865b4e1d9950a27a4609b00b"},
    {file = "pydantic_core-2.46.4-cp312-cp312-musllinux_1_1_x86_64.whl", hash = "sha256:fbdb89b3e1c94a30cc5edfce477c6e6a5dc4d8f84665b455c27582f211a1c72c"},
    {file = "pydantic_core-2.46.4-cp312-cp312-win32.whl", hash = "sha256:9aa768456404a8bf48a4406685ac2bec8e72b62c69313734fa3b73cf33b3a894"},
    {file = "pydantic_core-2.46.4-cp312-cp312-win_amd64.whl", hash = "sha256:e9c26f834c65f5752f3f06cb08cb86a913ceb7274d0db6e267808a708b46bc89"},
    {file = "pydantic_core-2.46.4-cp312-cp312-win_arm64.whl", hash = "sha256:4fc73cb559bdb54b1134a706a2802a4cddd27a0633f5abb7e53056268751ac6a"},
    {file = "pydantic_core-2.46.4-cp313-cp313-macosx_10_12_x86_64.whl", hash = "sha256:5d5902252db0d3cedf8d4a1bc68f70eeb430f7e4c7104c8c476753519b423008"},
    {file = "pydantic_core-2.46.4-cp313-cp313-macosx_11_0_arm64.whl", hash = "sha256:c94f0688e7b8d0a67abf40e57a7eaaecd17cc9586706a31b76c031f63df052b4"},
    {file = "pydantic_core-2.46.4-cp313-cp313-manylinux_2_17_aarch64.manylinux2014_aarch64.whl", hash = "sha256:f027324c56cd5406ca49c124b0db10e56c69064fec039acc571c29020cc87c76"},
    {file = "pydantic_core-2.46.4-cp313-cp313-manylinux_2_17_armv7l.manylinux2014_armv7l.whl", hash = "sha256:e739fee756ba1010f8bcccb534252e85a35fe45ae92c295a06059ce58b74ccd3"},
    {file = "pydantic_core-2.46.4-cp313-cp313-manylinux_2_17_ppc64le.manylinux2014_ppc64le.whl", hash = "sha256:9d56801be94b86a9da183e5f3766e6310752b99ff647e38b09a9500d88e46e76"},
    {file = "pydantic_core-2.46.4-cp313-cp313-manylinux_2_17_s390x.manylinux2014_s390x.whl", hash = "sha256:2412e734dcb48da14d4e4006b82b46b74f2518b8a26ee7e58c6844a6cd6d03c4"},
    {file = "pydantic_core-2.46.4-cp313-cp313-manylinux_2_17_x86_64.manylinux2014_x86_64.whl", hash = "sha256:9551187363ffc0de2a00b2e47c25aeaeb1020b69b668762966df15fc5659dd5a"},
    {file = "pydantic_core-2.46.4-cp313-cp313-manylinux_2_31_riscv64.whl", hash = "sha256:0186750b482eefa11d7f435892b09c5c606193ef3375bcf94aa00ae6bfb66262"},
    {file = "pydantic_core-2.46.4-cp313-cp313-manylinux_2_5_i686.manylinux1_i686.whl", hash = "sha256:5855698a4856556d86e8e6cd8434bc3ac0314ee8e12089ae0e143f64c6256e4e"},
    {file = "pydantic_core-2.46.4-cp313-cp313-musllinux_1_1_aarch64.whl", hash = "sha256:cbaf13819775b7f769bf4a1f066cb6df7a28d4480081a589828ef190226881cd"},
    {file = "pydantic_core-2.46.4-cp313-cp313-musllinux_1_1_armv7l.whl", hash = "sha256:633147d34cf4550417f12e2b1a0383973bdf5cdfde212cb09e9a581cf10820be"},
    {file = "pydantic_core-2.46.4-cp313-cp313-musllinux_1_1_x86_64.whl", hash = "sha256:82cf5301172168103724d49a1444d3378cb20cdee30b116a1bd6031236298a5d"},
    {file = "pydantic_core-2.46.4-cp313-cp313-win32.whl", hash = "sha256:9fa8ae11da9e2b3126c6426f147e0fba88d96d65921799bb30c6abd1cb2c97fb"},
    {file = "pydantic_core-2.46.4-cp313-cp313-win_amd64.whl", hash = "sha256:6b3ace8194b0e5204818c92802dcdca7fc6d88aabbb799d7c795540d9cd6d292"},
    {file = "pydantic_core-2.46.4-cp313-cp313-win_arm64.whl", hash = "sha256:184c081504d17f1c1066e430e117142b2c77d9448a97f7b65c6ac9fd9aee238d"},
    {file = "pydantic_core-2.46.4-cp314-cp314-macosx_10_12_x86_64.whl", hash = "sha256:428e04521a40150c85216fc8b85e8d39fece235a9cf5e383761238c7fa9b96fb"},
    {file = "pydantic_core-2.46.4-cp314-cp314-macosx_11_0_arm64.whl", hash = "sha256:23ace664830ee0bfe014a0c7bc248b1f7f25ed7ad103852c317624a1083af462"},
    {file = "pydantic_core-2.46.4-cp314-cp314-manylinux_2_17_aarch64.manylinux2014_aarch64.whl", hash = "sha256:ce5c1d2a8b27468f433ca974829c44060b8097eedc39933e3c206a90ee49c4a9"},
    {file = "pydantic_core-2.46.4-cp314-cp314-manylinux_2_17_armv7l.manylinux2014_armv7l.whl", hash = "sha256:7283d57845ecf5a163403eb0702dfc220cc4fbdd18919cb5ccea4f95ee1cdab4"},
    {file = "pydantic_core-2.46.4-cp314-cp314-manylinux_2_17_ppc64le.manylinux2014_ppc64le.whl", hash = "sha256:8daafc69c93ee8a0204506a3b6b30f586ef54028f52aeeeb5c4cfc5184fd5914"},
    {file = "pydantic_core-2.46.4-cp314-cp314-manylinux_2_17_s390x.manylinux2014_s390x.whl", hash = "sha256:cd2213145bcc2ba85884d0ac63d222fece9209678f77b9b4d76f054c561adb28"},
    {file = "pydantic_core-2.46.4-cp314-cp314-manylinux_2_17_x86_64.manylinux2014_x86_64.whl", hash = "sha256:7a5f930472650a82629163023e630d160863fce524c616f4e5186e5de9d9a49b"},
    {file = "pydantic_core-2.46.4-cp314-cp314-manylinux_2_31_riscv64.whl", hash = "sha256:c1b3f518abeca3aa13c712fd202306e145abf59a18b094a6bafb2d2bbf59192c"},
    {file = "pydantic_core-2.46.4-cp314-cp314-manylinux_2_5_i686.manylinux1_i686.whl", hash = "sha256:1a7dd0b3ee80d90150e3495a3a13ac34dbcbfd4f012996a6a1d8900e91b5c0fb"},
    {file = "pydantic_core-2.46.4-cp314-cp314-musllinux_1_1_aarch64.whl", hash = "sha256:3fb702cd90b0446a3a1c5e470bfa0dd23c0233b676a9099ddcc964fa6ca13898"},
    {file = "pydantic_core-2.46.4-cp314-cp314-musllinux_1_1_armv7l.whl", hash = "sha256:b8458003118a712e66286df6a707db01c52c0f52f7db8e4a38f0da1d3b94fc4e"},
    {file = "pydantic_core-2.46.4-cp314-cp314-musllinux_1_1_x86_64.whl", hash = "sha256:372429a130e469c9cd698925ce5fc50940b7a1336b0d82038e63d5bbc4edc519"},
    {file = "pydantic_core-2.46.4-cp314-cp314-win32.whl", hash = "sha256:85bb3611ff1802f3ee7fdd7dbff26b56f343fb432d57a4728fdd49b6ef35e2f4"},
    {file = "pydantic_core-2.46.4-cp314-cp314-win_amd64.whl", hash = "sha256:811ff8e9c313ab425368bcbb36e5c4ebd7108c2bbf4e4089cfbb0b01eff63fac"},
    {file = "pydantic_core-2.46.4-cp314-cp314-win_arm64.whl", hash = "sha256:bfec22eab3c8cc2ceec0248aec886624116dc079afa027ecc8ad4a7e62010f8a"},
    {file = "pydantic_core-2.46.4-cp314-cp314t-macosx_10_12_x86_64.whl", hash = "sha256:af8244b2bef6aaad6d92cda81372de7f8c8d36c9f0c3ea36e827c60e7d9467a0"},
    {file = "pydantic_core-2.46.4-cp314-cp314t-macosx_11_0_arm64.whl", hash = "sha256:5a4330cdbc57162e4b3aa303f588ba752257694c9c9be3e7ebb11b4aca659b5d"},
    {file = "pydantic_core-2.46.4-cp314-cp314t-manylinux_2_17_aarch64.manylinux2014_aarch64.whl", hash = "sha256:29c61fc04a3d840155ff08e475a04809278972fe6aef51e2720554e96367e34b"},
    {file = "pydantic_core-2.46.4-cp314-cp314t-manylinux_2_17_armv7l.manylinux2014_armv7l.whl", hash = "sha256:c50f2528cf200c5eed56faf3f4e22fcd5f38c157a8b78576e6ba3168ec35f000"},
    {file = "pydantic_core-2.46.4-cp314-cp314t-manylinux_2_17_ppc64le.manylinux2014_ppc64le.whl", hash = "sha256:0cbe8b01f948de4286c74cdd6c667aceb38f5c1e26f0693b3983d9d74887c65e"},
    {file = "pydantic_core-2.46.4-cp314-cp314t-manylinux_2_17_s390x.manylinux2014_s390x.whl", hash = "sha256:617d7e2ca7dcb8c5cf6bcb8c59b8832c94b36196bbf1cbd1bfb56ed341905edd"},
    {file = "pydantic_core-2.46.4-cp314-cp314t-manylinux_2_17_x86_64.manylinux2014_x86_64.whl", hash = "sha256:7027560ee92211647d0d34e3f7cd6f50da56399d26a9c8ad0da286d3869a53f3"},
    {file = "pydantic_core-2.46.4-cp314-cp314t-manylinux_2_31_riscv64.whl", hash = "sha256:f99626688942fb746e545232e7726926f3be91b5975f8b55327665fafda991c7"},
    {file = "pydantic_core-2.46.4-cp314-cp314t-manylinux_2_5_i686.manylinux1_i686.whl", hash = "sha256:fc3e9034a63de20e15e8ade85358bc6efc614008cab72898b4b4952bea0509ff"},
    {file = "pydantic_core-2.46.4-cp314-cp314t-musllinux_1_1_aarch64.whl", hash = "sha256:97e7cf2be5c77b7d1a9713a05605d49460d02c6078d38d8bef3cbe323c548424"},
    {file = "pydantic_core-2.46.4-cp314-cp314t-musllinux_1_1_armv7l.whl", hash = "sha256:3bf92c5d0e00fefaab325a4d27828fe6b6e2a21848686b5b60d2d9eeb09d76c6"},
    {file = "pydantic_core-2.46.4-cp314-cp314t-musllinux_1_1_x86_64.whl", hash = "sha256:3ecbc122d18468d06ca279dc26a8c2e2d5acb10943bb35e36ae92096dc3b5565"},
    {file = "pydantic_core-2.46.4-cp314-cp314t-win32.whl", hash = "sha256:e846ae7835bf0703ae43f534ab79a867146dadd59dc9ca5c8b53d5c8f7c9ef02"},
    {file = "pydantic_core-2.46.4-cp314-cp314t-win_amd64.whl", hash = "sha256:2108ba5c1c1eca18030634489dc544844144ee36357f2f9f780b93e7ddbb44b5"},
    {file = "pydantic_core-2.46.4-cp314-cp314t-win_arm64.whl", hash = "sha256:4fcbe087dbc2068af7eda3aa87634eba216dbda64d1ae73c8684b621d33f6596"},
    {file = "pydantic_core-2.46.4-cp39-cp39-macosx_10_12_x86_64.whl", hash = "sha256:fd8b3d9fd264be37976686c7f65cd52a83f5e84f4bfd2adf9c1d469676bbb6ae"},
    {file = "pydantic_core-2.46.4-cp39-cp39-macosx_11_0_arm64.whl", hash = "sha256:9f444c499b3eefd3a92e348059471ea0c3a6e303d9c1cec09fa748fd9f895201"},
    {file = "pydantic_core-2.46.4-cp39-cp39-manylinux_2_17_aarch64.manylinux2014_aarch64.whl", hash = "sha256:3447661d99f75a3683a4cf5c87da72f2161964611864dbbeac7fbb118bb4bfc0"},
    {file = "pydantic_core-2.46.4-cp39-cp39-manylinux_2_17_armv7l.manylinux2014_armv7l.whl", hash = "sha256:8b9bab013d1c7a79d3501ff86d0bc9c31bf587db4551677b96bec07df78c6b15"},
    {file = "pydantic_core-2.46.4-cp39-cp39-manylinux_2_17_ppc64le.manylinux2014_ppc64le.whl", hash = "sha256:d995260fdf4e1db774581b4900e0f832abe3c7c84996726bbc161b19c8f29e76"},
    {file = "pydantic_core-2.46.4-cp39-cp39-manylinux_2_17_s390x.manylinux2014_s390x.whl", hash = "sha256:f13a646d65d09fbf1bc6b3a9635d30095c8e7e5cc419ff35ecc563c5fd04cd49"},
    {file = "pydantic_core-2.46.4-cp39-cp39-manylinux_2_17_x86_64.manylinux2014_x86_64.whl", hash = "sha256:432c179df7874eeb73307aad2df0755e1ae0efa61ff0ea89b93e194411ae3928"},
    {file = "pydantic_core-2.46.4-cp39-cp39-manylinux_2_31_riscv64.whl", hash = "sha256:e68b7a074f65a2fd746c52a7ce6142ab7006074ac269ace0c25cd8ba171f8066"},
    {file = "pydantic_core-2.46.4-cp39-cp39-manylinux_2_5_i686.manylinux1_i686.whl", hash = "sha256:4a05d69cba51d852c5c3e92758653245a50c0b646ced0cf05bd793ed592839d6"},
    {file = "pydantic_core-2.46.4-cp39-cp39-musllinux_1_1_aarch64.whl", hash = "sha256:228ee9bae8bef5b1e97ec58302f80357c37199e0d0a99174e138d28e6957b9d9"},
    {file = "pydantic_core-2.46.4-cp39-cp39-musllinux_1_1_armv7l.whl", hash = "sha256:10e17cbb10a330363733efc4d7c4d0dd827ac0909b8f6a6542298fed1ea62f29"},
    {file = "pydantic_core-2.46.4-cp39-cp39-musllinux_1_1_x86_64.whl", hash = "sha256:91a06d2e259ecfbd8c901d70c3c507900458498142b3026a296b7de4d1322cc9"},
    {file = "pydantic_core-2.46.4-cp39-cp39-win32.whl", hash = "sha256:d80ee3d731373b24cebbc10d689ca4ee1875caf0d5703a245db18efd4dd37fc1"},
    {file = "pydantic_core-2.46.4-cp39-cp39-win_amd64.whl", hash = "sha256:3be77f45df024d789a672ae34f8b06fb346c4f9f46ea714956660ea4862e89ac"},
    {file = "pydantic_core-2.46.4-graalpy311-graalpy242_311_native-macosx_10_12_x86_64.whl", hash = "sha256:14d4edf427bdcf950a8a02d7cb44a08614388dd6e1bdcbf4f67504fa7887da9c"},
    {file = "pydantic_core-2.46.4-graalpy311-graalpy242_311_native-macosx_11_0_arm64.whl", hash = "sha256:0ce40cd7b21210e99342afafbd4d0f76d784eb5b1d60f3bdc566be4983c6c73b"},
    {file = "pydantic_core-2.46.4-graalpy311-graalpy242_311_native-manylinux_2_17_aarch64.manylinux2014_aarch64.whl", hash = "sha256:90884113d8b48f760e9587002789ddd741e76ab9f89518cd1e43b1f1a52ec44b"},
    {file = "pydantic_core-2.46.4-graalpy311-graalpy242_311_native-manylinux_2_17_x86_64.manylinux2014_x86_64.whl", hash = "sha256:66ce7632c22d837c95301830e111ad0128a32b8207533b60896a96c4915192ea"},
    {file = "pydantic_core-2.46.4-graalpy312-graalpy250_312_native-macosx_10_12_x86_64.whl", hash = "sha256:1d8ba486450b14f3b1d63bc521d410ec7565e52f887b9fb671791886436a42f7"},
    {file = "pydantic_core-2.46.4-graalpy312-graalpy250_312_native-macosx_11_0_arm64.whl", hash = "sha256:3009f12e4e90b7f88b4f9adb1b0c4a3d58fe7820f3238c190047209d148026df"},
    {file = "pydantic_core-2.46.4-graalpy312-graalpy250_312_native-manylinux_2_17_aarch64.manylinux2014_aarch64.whl", hash = "sha256:ad785e92e6dc634c21555edc8bd6b64957ab844541bcb96a1366c202951ae526"},
    {file = "pydantic_core-2.46.4-graalpy312-graalpy250_312_native-manylinux_2_17_x86_64.manylinux2014_x86_64.whl", hash = "sha256:00c603d540afdd6b80eb39f078f33ebd46211f02f33e34a32d9f053bba711de0"},
    {file = "pydantic_core-2.46.4-pp311-pypy311_pp73-macosx_10_12_x86_64.whl", hash = "sha256:0c563b08bca408dc7f65f700633d8442fffb2421fc47b8101377e9fd65051ff0"},
    {file = "pydantic_core-2.46.4-pp311-pypy311_pp73-macosx_11_0_arm64.whl", hash = "sha256:db06ffe51636ffe9ca531fe9023dd64bdd794be8754cb5df57c5498ae5b518a7"},
    {file = "pydantic_core-2.46.4-pp311-pypy311_pp73-manylinux_2_17_x86_64.manylinux2014_x86_64.whl", hash = "sha256:133878133d271ade3d41d1bfb2a45ec38dbdbda40bc065921c6b04e4630127e2"},
    {file = "pydantic_core-2.46.4-pp311-pypy311_pp73-manylinux_2_5_i686.manylinux1_i686.whl", hash = "sha256:9bc519fbf2b7578398853d815009ae5e4d4603d12f4e3f91da8c06852d3da3e9"},
    {file = "pydantic_core-2.46.4-pp311-pypy311_pp73-musllinux_1_1_aarch64.whl", hash = "sha256:c7a7bd4e39e8e4c12c39cd480356842b6a8a06e41b23a55a5e3e191718838ddf"},
    {file = "pydantic_core-2.46.4-pp311-pypy311_pp73-musllinux_1_1_armv7l.whl", hash = "sha256:d396ec2b979760aaf3218e76c24e65bd0aca24983298653b3a9d7a45f9e47b30"},
    {file = "pydantic_core-2.46.4-pp311-pypy311_pp73-musllinux_1_1_x86_64.whl", hash = "sha256:86e1a4418c6cd97d60c95c71164158eaf7324fae7b0923264016baa993eba6fc"},
    {file = "pydantic_core-2.46.4-pp311-pypy311_pp73-win_amd64.whl", hash = "sha256:d51026d73fcfd93610abc7b27789c26b313920fcfb20e27462d74a7f8b06e983"},
    {file = "pydantic_core-2.46.4.tar.gz", hash = "sha256:62f875393d7f270851f20523dd2e29f082bcc82292d66db2b64ea71f64b6e1c1"},
]

[package.dependencies]
typing-extensions = ">=4.14.1"

[[package]]
name = "pydantic-settings"
version = "2.14.1"
description = "Settings management using Pydantic"
optional = false
python-versions = ">=3.10"
groups = ["main"]
files = [
    {file = "pydantic_settings-2.14.1-py3-none-any.whl", hash = "sha256:6e3c7edfd8277687cdc598f56e5cff0e9bfff0910a3749deaa8d4401c3a2b9de"},
    {file = "pydantic_settings-2.14.1.tar.gz", hash = "sha256:e874d3bec7e787b0c9958277956ed9b4dd5de6a80e162188fdaff7c5e26fd5fa"},
]

[package.dependencies]
pydantic = ">=2.7.0"
python-dotenv = ">=0.21.0"
typing-inspection = ">=0.4.0"

[package.extras]
aws-secrets-manager = ["boto3 (>=1.35.0)", "types-boto3[secretsmanager]"]
azure-key-vault = ["azure-identity (>=1.16.0)", "azure-keyvault-secrets (>=4.8.0)"]
gcp-secret-manager = ["google-cloud-secret-manager (>=2.23.1)"]
toml = ["tomli (>=2.0.1)"]
yaml = ["pyyaml (>=6.0.1)"]

[[package]]
name = "python-dotenv"
version = "1.2.2"
description = "Read key-value pairs from a .env file and set them as environment variables"
optional = false
python-versions = ">=3.10"
groups = ["main"]
files = [
    {file = "python_dotenv-1.2.2-py3-none-any.whl", hash = "sha256:1d8214789a24de455a8b8bd8ae6fe3c6b69a5e3d64aa8a8e5d68e694bbcb285a"},
    {file = "python_dotenv-1.2.2.tar.gz", hash = "sha256:2c371a91fbd7ba082c2c1dc1f8bf89ca22564a087c2c287cd9b662adde799cf3"},
]

[package.extras]
cli = ["click (>=5.0)"]

[[package]]
name = "setuptools"
version = "82.0.1"
description = "Most extensible Python build backend with support for C/C++ extension modules"
optional = false
python-versions = ">=3.9"
groups = ["main"]
files = [
    {file = "setuptools-82.0.1-py3-none-any.whl", hash = "sha256:a59e362652f08dcd477c78bb6e7bd9d80a7995bc73ce773050228a348ce2e5bb"},
    {file = "setuptools-82.0.1.tar.gz", hash = "sha256:7d872682c5d01cfde07da7bccc7b65469d3dca203318515ada1de5eda35efbf9"},
]

[package.extras]
check = ["pytest-checkdocs (>=2.4)", "pytest-ruff (>=0.2.1) ; sys_platform != \"cygwin\"", "ruff (>=0.13.0) ; sys_platform != \"cygwin\""]
core = ["importlib_metadata (>=6) ; python_version < \"3.10\"", "jaraco.functools (>=4)", "jaraco.text (>=3.7)", "more_itertools", "more_itertools (>=8.8)", "packaging (>=24.2)", "tomli (>=2.0.1) ; python_version < \"3.11\"", "wheel (>=0.43.0)"]
cover = ["pytest-cov"]
doc = ["furo", "jaraco.packaging (>=9.3)", "jaraco.tidelift (>=1.4)", "pygments-github-lexers (==0.0.5)", "pyproject-hooks (!=1.1)", "rst.linker (>=1.9)", "sphinx (>=3.5)", "sphinx-favicon", "sphinx-inline-tabs", "sphinx-lint", "sphinx-notfound-page (>=1,<2)", "sphinx-reredirects", "sphinxcontrib-towncrier", "towncrier (<24.7)"]
enabler = ["pytest-enabler (>=2.2)"]
test = ["build[virtualenv] (>=1.0.3)", "filelock (>=3.4.0)", "ini2toml[lite] (>=0.14)", "jaraco.develop (>=7.21) ; python_version >= \"3.9\" and sys_platform != \"cygwin\"", "jaraco.envs (>=2.2)", "jaraco.path (>=3.7.2)", "jaraco.test (>=5.5)", "packaging (>=24.2)", "pip (>=19.1)", "pyproject-hooks (!=1.1)", "pytest (>=6,!=8.1.*)", "pytest-home (>=0.5)", "pytest-perf ; sys_platform != \"cygwin\"", "pytest-subprocess", "pytest-timeout", "pytest-xdist (>=3)", "tomli-w (>=1.0.0)", "virtualenv (>=13.0.0)", "wheel (>=0.44.0)"]
type = ["importlib_metadata (>=7.0.2) ; python_version < \"3.10\"", "jaraco.develop (>=7.21) ; sys_platform != \"cygwin\"", "mypy (==1.18.*)", "pytest-mypy"]

[[package]]
name = "typing-extensions"
version = "4.15.0"
description = "Backported and Experimental Type Hints for Python 3.9+"
optional = false
python-versions = ">=3.9"
groups = ["main"]
files = [
    {file = "typing_extensions-4.15.0-py3-none-any.whl", hash = "sha256:f0fa19c6845758ab08074a0cfa8b7aecb71c999ca73d62883bc25cc018c4e548"},
    {file = "typing_extensions-4.15.0.tar.gz", hash = "sha256:0cea48d173cc12fa28ecabc3b837ea3cf6f38c6d1136f85cbaaf598984861466"},
]

[[package]]
name = "typing-inspection"
version = "0.4.2"
description = "Runtime typing introspection tools"
optional = false
python-versions = ">=3.9"
groups = ["main"]
files = [
    {file = "typing_inspection-0.4.2-py3-none-any.whl", hash = "sha256:4ed1cacbdc298c220f1bd249ed5287caa16f34d44ef4e9c3d0cbad5b521545e7"},
    {file = "typing_inspection-0.4.2.tar.gz", hash = "sha256:ba561c48a67c5958007083d386c3295464928b01faa735ab8547c5692e87f464"},
]

[package.dependencies]
typing-extensions = ">=4.12.0"

[metadata]
lock-version = "2.1"
python-versions = ">=3.14"
content-hash = "482a8ac1c877a4708c5e33575fd4c06e8859a171d02ce40f37631fbfe26e1c6c"
